
Microsoft Visual Studio Solution File, Format Version 12.00
# Visual Studio 15
VisualStudioVersion = 15.0.28010.2041
MinimumVisualStudioVersion = 10.0.40219.1
Project("{8BC9CEB8-8B4A-11D0-8D11-00A0C91BC942}") = "client", "client\client.vcxproj", "{FA210E55-618A-4848-96E9-A85006C6A254}"
EndProject
Global
	GlobalSection(SolutionConfigurationPlatforms) = preSolution
		Debug|x64 = Debug|x64
		Debug|x86 = Debug|x86
		Release|x64 = Release|x64
		Release|x86 = Release|x86
	EndGlobalSection
	GlobalSection(ProjectConfigurationPlatforms) = postSolution
		{FA210E55-618A-4848-96E9-A85006C6A254}.Debug|x64.ActiveCfg = Debug|x64
		{FA210E55-618A-4848-96E9-A85006C6A254}.Debug|x64.Build.0 = Debug|x64
		{FA210E55-618A-4848-96E9-A85006C6A254}.Debug|x86.ActiveCfg = Debug|Win32
		{FA210E55-618A-4848-96E9-A85006C6A254}.Debug|x86.Build.0 = Debug|Win32
		{FA210E55-618A-4848-96E9-A85006C6A254}.Release|x64.ActiveCfg = Release|x64
		{FA210E55-618A-4848-96E9-A85006C6A254}.Release|x64.Build.0 = Release|x64
		{FA210E55-618A-4848-96E9-A85006C6A254}.Release|x86.ActiveCfg = Release|Win32
		{FA210E55-618A-4848-96E9-A85006C6A254}.Release|x86.Build.0 = Release|Win32
	EndGlobalSection
	GlobalSection(SolutionProperties) = preSolution
		HideSolutionNode = FALSE
	EndGlobalSection
	GlobalSection(ExtensibilityGlobals) = postSolution
		SolutionGuid = {379C02E3-E7E2-477E-9643-3BF10C89BE28}
	EndGlobalSection
EndGlobal
